version = 1
revision = 3
requires-python = ">=3.10, <3.14"

[[package]]
name = "annotated-doc"
version = "0.0.5"
source = { registry = "https://pypi.org/simple" }
sdist = { url = "https://files.pythonhosted.org/packages/5a/8e/38aa427ed5402449e226975b649c5dc73ccadfefeb95e6aecb8f8ea4b6b6/annotated_doc-0.0.5.tar.gz", hash = "sha256:c7e58ce09192557605d8bbd92836d7e1d520ac9580096042c0bfd197efacf1bb", size = 10758, upload-time = "2026-07-28T13:50:58.129Z" }
wheels = [
    { url = "https://files.pythonhosted.org/packages/3e/30/e900b21425a860e195f32e37657aa1f7c7f2b1bfb26f03ca209b90933c06/annotated_doc-0.0.5-py3-none-any.whl", hash = "sha256:117bac03a25ede5df5440e855b32d556049ca169ead221505badf432fed4b101", size = 5302, upload-time = "2026-07-28T13:50:57.239Z" },
]

[[package]]
name = "colorama"
version = "0.4.6"
source = { registry = "https://pypi.org/simple" }
sdist = { url = "https://files.pythonhosted.org/packages/d8/53/6f443c9a4a8358a93a6792e2acffb9d9d5cb0a5cfd8802644b7b1c9a02e4/colorama-0.4.6.tar.gz", hash = "sha256:08695f5cb7ed6e0531a20572697297273c47b8cae5a63ffc6d6ed5c201be6e44", size = 27697, upload-time = "2022-10-25T02:36:22.414Z" }
wheels = [
    { url = "https://files.pythonhosted.org/packages/d1/d6/3965ed04c63042e047cb6a3e6ed1a63a35087b6a609aa3a15ed8ac56c221/colorama-0.4.6-py2.py3-none-any.whl", hash = "sha256:4f1d9991f5acc0ca119f9d443620b77f9d6b33703e51011c16baf57afb285fc6", size = 25335, upload-time = "2022-10-25T02:36:20.889Z" },
]

[[package]]
name = "exceptiongroup"
version = "1.3.1"
source = { registry = "https://pypi.org/simple" }
dependencies = [
    { name = "typing-extensions" },
]
sdist = { url = "https://files.pythonhosted.org/packages/50/79/66800aadf48771f6b62f7eb014e352e5d06856655206165d775e675a02c9/exceptiongroup-1.3.1.tar.gz", hash = "sha256:8b412432c6055b0b7d14c310000ae93352ed6754f70fa8f7c34141f91c4e3219", size = 30371, upload-time = "2025-11-21T23:01:54.787Z" }
wheels = [
    { url = "https://files.pythonhosted.org/packages/8a/0e/97c33bf5009bdbac74fd2beace167cab3f978feb69cc36f1ef79360d6c4e/exceptiongroup-1.3.1-py3-none-any.whl", hash = "sha256:a7a39a3bd276781e98394987d3a5701d0c4edffb633bb7a5144577f82c773598", size = 16740, upload-time = "2025-11-21T23:01:53.443Z" },
]

[[package]]
name = "iniconfig"
version = "2.3.0"
source = { registry = "https://pypi.org/simple" }
sdist = { url = "https://files.pythonhosted.org/packages/72/34/14ca021ce8e5dfedc35312d08ba8bf51fdd999c576889fc2c24cb97f4f10/iniconfig-2.3.0.tar.gz", hash = "sha256:c76315c77db068650d49c5b56314774a7804df16fee4402c1f19d6d15d8c4730", size = 20503, upload-time = "2025-10-18T21:55:43.219Z" }
wheels = [
    { url = "https://files.pythonhosted.org/packages/cb/b1/3846dd7f199d53cb17f49cba7e651e9ce294d8497c8c150530ed11865bb8/iniconfig-2.3.0-py3-none-any.whl", hash = "sha256:f631c04d2c48c52b84d0d0549c99ff3859c98df65b3101406327ecc7d53fbf12", size = 7484, upload-time = "2025-10-18T21:55:41.639Z" },
]

[[package]]
name = "markdown-it-py"
version = "4.2.0"
source = { registry = "https://pypi.org/simple" }
dependencies = [
    { name = "mdurl" },
]
sdist = { url = "https://files.pythonhosted.org/packages/06/ff/7841249c247aa650a76b9ee4bbaeae59370dc8bfd2f6c01f3630c35eb134/markdown_it_py-4.2.0.tar.gz", hash = "sha256:04a21681d6fbb623de53f6f364d352309d4094dd4194040a10fd51833e418d49", size = 82454, upload-time = "2026-05-07T12:08:28.36Z" }
wheels = [
    { url = "https://files.pythonhosted.org/packages/b3/81/4da04ced5a082363ecfa159c010d200ecbd959ae410c10c0264a38cac0f5/markdown_it_py-4.2.0-py3-none-any.whl", hash = "sha256:9f7ebbcd14fe59494226453aed97c1070d83f8d24b6fc3a3bcf9a38092641c4a", size = 91687, upload-time = "2026-05-07T12:08:27.182Z" },
]

[[package]]
name = "mdurl"
version = "0.1.2"
source = { registry = "https://pypi.org/simple" }
sdist = { url = "https://files.pythonhosted.org/packages/d6/54/cfe61301667036ec958cb99bd3efefba235e65cdeb9c84d24a8293ba1d90/mdurl-0.1.2.tar.gz", hash = "sha256:bb413d29f5eea38f31dd4754dd7377d4465116fb207585f97bf925588687c1ba", size = 8729, upload-time = "2022-08-14T12:40:10.846Z" }
wheels = [
    { url = "https://files.pythonhosted.org/packages/b3/38/89ba8ad64ae25be8de66a6d463314cf1eb366222074cfda9ee839c56a4b4/mdurl-0.1.2-py3-none-any.whl", hash = "sha256:84008a41e51615a49fc9966191ff91509e3c40b939176e643fd50a5c2196b8f8", size = 9979, upload-time = "2022-08-14T12:40:09.779Z" },
]

[[package]]
name = "packaging"
version = "26.3"
source = { registry = "https://pypi.org/simple" }
sdist = { url = "https://files.pythonhosted.org/packages/7d/fa/3944b40b07da9ce895c0e6303a5ab7d53da063554f534556b134a54d6093/packaging-26.3.tar.gz", hash = "sha256:94edc256424af38762eb31306eed28beb9f0efc50a8837492c9d6fd6004aed79", size = 313412, upload-time = "2026-08-04T18:15:28.737Z" }
wheels = [
    { url = "https://files.pythonhosted.org/packages/63/34/ba1c580383c9eada3711951fef0795c80b829a078d72188184bcab9dd527/packaging-26.3-py3-none-any.whl", hash = "sha256:d7193f7c8e4e93f444fde0262bf90af30e16fa0ad0ad44cb553c87339b23cd1c", size = 129956, upload-time = "2026-08-04T18:15:27.159Z" },
]

[[package]]
name = "phonenumbers"
version = "9.0.38"
source = { registry = "https://pypi.org/simple" }
sdist = { url = "https://files.pythonhosted.org/packages/0f/55/17ea3dcefbeabd0006e09dcecba1a4ec5b27acff788add158a061f39f46b/phonenumbers-9.0.38.tar.gz", hash = "sha256:6806bebd46638af2fc2609675ea046067a40512eca81bf1446132e2fda29d113", size = 2311043, upload-time = "2026-08-28T09:48:51.458Z" }
wheels = [
    { url = "https://files.pythonhosted.org/packages/b2/09/6df2574777489592b37e6b9cda72962709af2e121b122bf6aae19bcce7b4/phonenumbers-9.0.38-py2.py3-none-any.whl", hash = "sha256:f3cbeb1a42bf226060c60fc6277f5431755d325eddc23fbf2c72ef7e156113c6", size = 2594756, upload-time = "2026-08-28T09:48:48.33Z" },
]

[[package]]
name = "pluggy"
version = "1.6.0"
source = { registry = "https://pypi.org/simple" }
sdist = { url = "https://files.pythonhosted.org/packages/f9/e2/3e91f31a7d2b083fe6ef3fa267035b518369d9511ffab804f839851d2779/pluggy-1.6.0.tar.gz", hash = "sha256:7dcc130b76258d33b90f61b658791dede3486c3e6bfb003ee5c9bfb396dd22f3", size = 69412, upload-time = "2025-05-15T12:30:07.975Z" }
wheels = [
    { url = "https://files.pythonhosted.org/packages/54/20/4d324d65cc6d9205fabedc306948156824eb9f0ee1633355a8f7ec5c66bf/pluggy-1.6.0-py3-none-any.whl", hash = "sha256:e920276dd6813095e9377c0bc5566d94c932c33b27a3e3945d8389c374dd4746", size = 20538, upload-time = "2025-05-15T12:30:06.134Z" },
]

[[package]]
name = "pygments"
version = "2.21.0"
source = { registry = "https://pypi.org/simple" }
sdist = { url = "https://files.pythonhosted.org/packages/49/2e/ced460408999b33da6b31b0021b0f37d329e202d4169aeb164493778f25b/pygments-2.21.0.tar.gz", hash = "sha256:610ca751c9bc2492b38eb9a38a7fbc93edbbb2d7182edaf34e66ae493dee5c8c", size = 5005329, upload-time = "2026-08-17T08:02:48.824Z" }
wheels = [
    { url = "https://files.pythonhosted.org/packages/71/46/17f022dd3e953bf20a04a028a21ec746d942f8d2af30fa0f124fa0e6a684/pygments-2.21.0-py3-none-any.whl", hash = "sha256:2363c69b61c4a97c838da3b130dcd6468f4848992b21a82f2a63ec34377137d9", size = 1250147, upload-time = "2026-08-17T08:02:44.912Z" },
]

[[package]]
name = "pytest"
version = "9.1.1"
source = { registry = "https://pypi.org/simple" }
dependencies = [
    { name = "colorama", marker = "sys_platform == 'win32'" },
    { name = "exceptiongroup", marker = "python_full_version < '3.11'" },
    { name = "iniconfig" },
    { name = "packaging" },
    { name = "pluggy" },
    { name = "pygments" },
    { name = "tomli", marker = "python_full_version < '3.11'" },
]
sdist = { url = "https://files.pythonhosted.org/packages/e4/47/b9efed96c114afcfa3c9d3fe98a76a1d14c74a9e266d397cf6eb64be5e01/pytest-9.1.1.tar.gz", hash = "sha256:1088fbde8f2b49d95a549a195707afa7a76a3ce9bcadc26b6d71f0ffda5fe313", size = 1636369, upload-time = "2026-06-19T10:58:32.857Z" }
wheels = [
    { url = "https://files.pythonhosted.org/packages/24/25/1de2678b631f5a49215c6c96fff41ba892b0a34df68d6d80292b1b48aa7f/pytest-9.1.1-py3-none-any.whl", hash = "sha256:37a86b45efb9a47a61a36449063e8e18d0cab3161329fc099eb21783169c4f0c", size = 386536, upload-time = "2026-06-19T10:58:31.347Z" },
]

[[package]]
name = "rich"
version = "15.0.0"
source = { registry = "https://pypi.org/simple" }
dependencies = [
    { name = "markdown-it-py" },
    { name = "pygments" },
]
sdist = { url = "https://files.pythonhosted.org/packages/c0/8f/0722ca900cc807c13a6a0c696dacf35430f72e0ec571c4275d2371fca3e9/rich-15.0.0.tar.gz", hash = "sha256:edd07a4824c6b40189fb7ac9bc4c52536e9780fbbfbddf6f1e2502c31b068c36", size = 230680, upload-time = "2026-04-12T08:24:00.75Z" }
wheels = [
    { url = "https://files.pythonhosted.org/packages/82/3b/64d4899d73f91ba49a8c18a8ff3f0ea8f1c1d75481760df8c68ef5235bf5/rich-15.0.0-py3-none-any.whl", hash = "sha256:33bd4ef74232fb73fe9279a257718407f169c09b78a87ad3d296f548e27de0bb", size = 310654, upload-time = "2026-04-12T08:24:02.83Z" },
]

[[package]]
name = "ruff"
version = "0.15.22"
source = { registry = "https://pypi.org/simple" }
sdist = { url = "https://files.pythonhosted.org/packages/3a/06/ae069393fc66e8ff33036d4b368003833bf6e88ccf182e17e7a2f1c754fd/ruff-0.15.22.tar.gz", hash = "sha256:3f15175b1fb580126f58285a5dae6b2ea89000136d980c64499211f116b54809", size = 4785063, upload-time = "2026-07-16T15:14:13.244Z" }
wheels = [
    { url = "https://files.pythonhosted.org/packages/23/18/ee54b7ae1e121be7a28ea6da4b67564ebb0530e183a54415ab7e3bcd2c4e/ruff-0.15.22-py3-none-linux_armv6l.whl", hash = "sha256:44423e73493737f5e7c5b41d475483898ff37afcdae38bc3da5085e29af1c2d8", size = 10781258, upload-time = "2026-07-16T15:13:19.452Z" },
    { url = "https://files.pythonhosted.org/packages/2f/d2/2520cb14761ddbeaf57642a76942fc36adcbdbe53b4532241995f6fc485c/ruff-0.15.22-py3-none-macosx_10_12_x86_64.whl", hash = "sha256:b82c6482946e9eda7ff2e091d25b8bad3f718684e1916d41bd56873cee05b697", size = 10999477, upload-time = "2026-07-16T15:13:23.318Z" },
    { url = "https://files.pythonhosted.org/packages/c9/10/74e53572aa758dfaa678c2a2646b5c5515d884b7ca56be4d2ce03ca4b560/ruff-0.15.22-py3-none-macosx_11_0_arm64.whl", hash = "sha256:11c1c715af53a09f714e011106bffc419751ec8232fcb5da42173284ea3fec6f", size = 10466716, upload-time = "2026-07-16T15:13:26.162Z" },
    { url = "https://files.pythonhosted.org/packages/1e/cc/44eaaf0844e028182f2d0a8f2190d0f359159aed0a9e5ab861d892f1ae2a/ruff-0.15.22-py3-none-manylinux_2_17_aarch64.manylinux2014_aarch64.whl", hash = "sha256:742a29cf29bddb7c8327895d6a10e0e6c5b38a96dd407af9b5d0857f809c0576", size = 10892644, upload-time = "2026-07-16T15:13:29.229Z" },
    { url = "https://files.pythonhosted.org/packages/9f/21/8edf559014d2b0f82beea19cfb713993ad802ccda16868769979c6090a84/ruff-0.15.22-py3-none-manylinux_2_17_armv7l.manylinux2014_armv7l.whl", hash = "sha256:72af58b951b0ae395935ae79763dc349bc0eb706319d28f7a33ad2cfb3cfc178", size = 10576719, upload-time = "2026-07-16T15:13:32.35Z" },
    { url = "https://files.pythonhosted.org/packages/bf/1e/3a13abd392a3b50b62e5938a831f9ab6e588358cacad5c18545b716d2182/ruff-0.15.22-py3-none-manylinux_2_17_i686.manylinux2014_i686.whl", hash = "sha256:62d425005c1835eb24e2ee4161cb90e8db263415f4a71c8c72c33abaa6c0c224", size = 11376494, upload-time = "2026-07-16T15:13:35.958Z" },
    { url = "https://files.pythonhosted.org/packages/bf/3e/422d3d95bcf04dd78e1aeac22184d4f9a8fb2c01865d39d44618484a0317/ruff-0.15.22-py3-none-manylinux_2_17_ppc64le.manylinux2014_ppc64le.whl", hash = "sha256:e8b9b3f8779a4f08c969defc3c8c35abffaa757e601ed5ae66d6d1db6519969a", size = 12208370, upload-time = "2026-07-16T15:13:39.185Z" },
    { url = "https://files.pythonhosted.org/packages/1e/91/5d065a0e0a02bf4813f5119ad278462eed081d2b832eb7c021ade0ec9e65/ruff-0.15.22-py3-none-manylinux_2_17_s390x.manylinux2014_s390x.whl", hash = "sha256:1e0dd1b2e4d3d585f897a0d137cbf4eaf6223bef4e8ce34d6bb12556c5f9249e", size = 11581098, upload-time = "2026-07-16T15:13:42.132Z" },
    { url = "https://files.pythonhosted.org/packages/f6/f9/a0d4871d12fae702eb1f41b686caf05f1f8b124dc6db6f784f53d74918fa/ruff-0.15.22-py3-none-manylinux_2_17_x86_64.manylinux2014_x86_64.whl", hash = "sha256:365523eb91d9224e1bcb03b022fbf0facb8f9e23792a2c53d9d4b3924bdbdebb", size = 11399422, upload-time = "2026-07-16T15:13:45.2Z" },
    { url = "https://files.pythonhosted.org/packages/18/80/c843a5176cddbceb0b7e8dd41cf9993490796c1c469348d384f5a5c13c56/ruff-0.15.22-py3-none-manylinux_2_31_riscv64.whl", hash = "sha256:fabfd168afdf29fee5be98b831efa9683c94d7c5a3b58b9ce5a2e38444589a74", size = 11381683, upload-time = "2026-07-16T15:13:48.46Z" },
    { url = "https://files.pythonhosted.org/packages/d4/00/8485de0ae92239438a36cfc51350db9b9e85c9ebdfaea91b18e422706662/ruff-0.15.22-py3-none-musllinux_1_2_aarch64.whl", hash = "sha256:225dbf095a87f1d9f90f5fd7924d2613ee452a75a4308c63a8f50f761787aa7c", size = 10850295, upload-time = "2026-07-16T15:13:51.655Z" },
    { url = "https://files.pythonhosted.org/packages/fa/91/24977ec2ec72eaf15e4394ace2959fdff2dd1e14f03e005e838023407169/ruff-0.15.22-py3-none-musllinux_1_2_armv7l.whl", hash = "sha256:1877d63b9d24ed278744f1523fd11b85540566d54641f97c566d7d9dc5ca5296", size = 10579640, upload-time = "2026-07-16T15:13:54.79Z" },
    { url = "https://files.pythonhosted.org/packages/9c/47/9b51216951974df1f263ac19da550d34252e0ed7218c25f10c5ef9ed7517/ruff-0.15.22-py3-none-musllinux_1_2_i686.whl", hash = "sha256:a1606c510bd7215680d32efab38965f7cdec3ef69f5170a3f4791404ffdd5262", size = 11105077, upload-time = "2026-07-16T15:13:57.915Z" },
    { url = "https://files.pythonhosted.org/packages/c2/47/20e9d4a3b8016778acea5fc32bb50d35d207500a17ddb529ffa6996feef8/ruff-0.15.22-py3-none-musllinux_1_2_x86_64.whl", hash = "sha256:630479b18625f5ffc373f77603a22a9f8ac0acd7ff0501178b5db28ec71e9c64", size = 11490980, upload-time = "2026-07-16T15:14:01.032Z" },
    { url = "https://files.pythonhosted.org/packages/4d/76/3f72d8fc38c1cb77b38c56a70da9d0c17700cc1cc50f9649c9d3c8f5ba71/ruff-0.15.22-py3-none-win32.whl", hash = "sha256:e5ba0e4a13fd14abbed2a77b517a3911290c6c6c59ef67784328d1668fab76cf", size = 10789165, upload-time = "2026-07-16T15:14:04.16Z" },
    { url = "https://files.pythonhosted.org/packages/cb/46/4965251734c2b6fcdca1b1b187d20bcac3af0ee5b083b89c910bb961ce3a/ruff-0.15.22-py3-none-win_amd64.whl", hash = "sha256:9be63ba1eb936acd2d1342fb8337c356353706fce233b2a15a09a97037e6acde", size = 11938297, upload-time = "2026-07-16T15:14:07.316Z" },
    { url = "https://files.pythonhosted.org/packages/57/c9/e69b1ff4c8b69093ef08b8919ab767af0569666865b39c30a8795d88d3c6/ruff-0.15.22-py3-none-win_arm64.whl", hash = "sha256:e1168075b72158510839f250027659cdd78476f40507dd517892304c41318661", size = 11298172, upload-time = "2026-07-16T15:14:10.51Z" },
]

[[package]]
name = "shellingham"
version = "1.5.4"
source = { registry = "https://pypi.org/simple" }
sdist = { url = "https://files.pythonhosted.org/packages/58/15/8b3609fd3830ef7b27b655beb4b4e9c62313a4e8da8c676e142cc210d58e/shellingham-1.5.4.tar.gz", hash = "sha256:8dbca0739d487e5bd35ab3ca4b36e11c4078f3a234bfce294b0a0291363404de", size = 10310, upload-time = "2023-10-24T04:13:40.426Z" }
wheels = [
    { url = "https://files.pythonhosted.org/packages/e0/f9/0595336914c5619e5f28a1fb793285925a8cd4b432c9da0a987836c7f822/shellingham-1.5.4-py2.py3-none-any.whl", hash = "sha256:7ecfff8f2fd72616f7481040475a65b2bf8af90a56c89140852d1120324e8686", size = 9755, upload-time = "2023-10-24T04:13:38.866Z" },
]

[[package]]
name = "shim"
version = "0.3.1"
source = { editable = "." }
dependencies = [
    { name = "phonenumbers" },
    { name = "rich" },
    { name = "tomli", marker = "python_full_version < '3.11'" },
    { name = "tomli-w" },
    { name = "typer" },
]

[package.dev-dependencies]
dev = [
    { name = "pytest" },
    { name = "ruff" },
    { name = "tomli" },
    { name = "ty" },
    { name = "uv-build" },
]

[package.metadata]
requires-dist = [
    { name = "phonenumbers", specifier = "==9.0.38" },
    { name = "rich", specifier = "==15.0.0" },
    { name = "tomli", marker = "python_full_version < '3.11'", specifier = "==2.4.1" },
    { name = "tomli-w", specifier = "==1.2.0" },
    { name = "typer", specifier = "==0.27.2" },
]

[package.metadata.requires-dev]
dev = [
    { name = "pytest", specifier = ">=9.0.3,<10" },
    { name = "ruff", specifier = ">=0.15.22,<0.16" },
    { name = "tomli", specifier = "==2.4.1" },
    { name = "ty", specifier = ">=0.0.65,<0.1" },
    { name = "uv-build", specifier = "==0.12.10" },
]

[[package]]
name = "tomli"
version = "2.4.1"
source = { registry = "https://pypi.org/simple" }
sdist = { url = "https://files.pythonhosted.org/packages/22/de/48c59722572767841493b26183a0d1cc411d54fd759c5607c4590b6563a6/tomli-2.4.1.tar.gz", hash = "sha256:7c7e1a961a0b2f2472c1ac5b69affa0ae1132c39adcb67aba98568702b9cc23f", size = 17543, upload-time = "2026-03-25T20:22:03.828Z" }
wheels = [
    { url = "https://files.pythonhosted.org/packages/f4/11/db3d5885d8528263d8adc260bb2d28ebf1270b96e98f0e0268d32b8d9900/tomli-2.4.1-cp311-cp311-macosx_10_9_x86_64.whl", hash = "sha256:f8f0fc26ec2cc2b965b7a3b87cd19c5c6b8c5e5f436b984e85f486d652285c30", size = 154704, upload-time = "2026-03-25T20:21:10.473Z" },
    { url = "https://files.pythonhosted.org/packages/6d/f7/675db52c7e46064a9aa928885a9b20f4124ecb9bc2e1ce74c9106648d202/tomli-2.4.1-cp311-cp311-macosx_11_0_arm64.whl", hash = "sha256:4ab97e64ccda8756376892c53a72bd1f964e519c77236368527f758fbc36a53a", size = 149454, upload-time = "2026-03-25T20:21:12.036Z" },
    { url = "https://files.pythonhosted.org/packages/61/71/81c50943cf953efa35bce7646caab3cf457a7d8c030b27cfb40d7235f9ee/tomli-2.4.1-cp311-cp311-manylinux2014_aarch64.manylinux_2_17_aarch64.manylinux_2_28_aarch64.whl", hash = "sha256:96481a5786729fd470164b47cdb3e0e58062a496f455ee41b4403be77cb5a076", size = 237561, upload-time = "2026-03-25T20:21:13.098Z" },
    { url = "https://files.pythonhosted.org/packages/48/c1/f41d9cb618acccca7df82aaf682f9b49013c9397212cb9f53219e3abac37/tomli-2.4.1-cp311-cp311-manylinux2014_x86_64.manylinux_2_17_x86_64.manylinux_2_28_x86_64.whl", hash = "sha256:5a881ab208c0baf688221f8cecc5401bd291d67e38a1ac884d6736cbcd8247e9", size = 243824, upload-time = "2026-03-25T20:21:14.569Z" },
    { url = "https://files.pythonhosted.org/packages/22/e4/5a816ecdd1f8ca51fb756ef684b90f2780afc52fc67f987e3c61d800a46d/tomli-2.4.1-cp311-cp311-musllinux_1_2_aarch64.whl", hash = "sha256:47149d5bd38761ac8be13a84864bf0b7b70bc051806bc3669ab1cbc56216b23c", size = 242227, upload-time = "2026-03-25T20:21:15.712Z" },
    { url = "https://files.pythonhosted.org/packages/6b/49/2b2a0ef529aa6eec245d25f0c703e020a73955ad7edf73e7f54ddc608aa5/tomli-2.4.1-cp311-cp311-musllinux_1_2_x86_64.whl", hash = "sha256:ec9bfaf3ad2df51ace80688143a6a4ebc09a248f6ff781a9945e51937008fcbc", size = 247859, upload-time = "2026-03-25T20:21:17.001Z" },
    { url = "https://files.pythonhosted.org/packages/83/bd/6c1a630eaca337e1e78c5903104f831bda934c426f9231429396ce3c3467/tomli-2.4.1-cp311-cp311-win32.whl", hash = "sha256:ff2983983d34813c1aeb0fa89091e76c3a22889ee83ab27c5eeb45100560c049", size = 97204, upload-time = "2026-03-25T20:21:18.079Z" },
    { url = "https://files.pythonhosted.org/packages/42/59/71461df1a885647e10b6bb7802d0b8e66480c61f3f43079e0dcd315b3954/tomli-2.4.1-cp311-cp311-win_amd64.whl", hash = "sha256:5ee18d9ebdb417e384b58fe414e8d6af9f4e7a0ae761519fb50f721de398dd4e", size = 108084, upload-time = "2026-03-25T20:21:18.978Z" },
    { url = "https://files.pythonhosted.org/packages/b8/83/dceca96142499c069475b790e7913b1044c1a4337e700751f48ed723f883/tomli-2.4.1-cp311-cp311-win_arm64.whl", hash = "sha256:c2541745709bad0264b7d4705ad453b76ccd191e64aa6f0fc66b69a293a45ece", size = 95285, upload-time = "2026-03-25T20:21:20.309Z" },
    { url = "https://files.pythonhosted.org/packages/c1/ba/42f134a3fe2b370f555f44b1d72feebb94debcab01676bf918d0cb70e9aa/tomli-2.4.1-cp312-cp312-macosx_10_13_x86_64.whl", hash = "sha256:c742f741d58a28940ce01d58f0ab2ea3ced8b12402f162f4d534dfe18ba1cd6a", size = 155924, upload-time = "2026-03-25T20:21:21.626Z" },
    { url = "https://files.pythonhosted.org/packages/dc/c7/62d7a17c26487ade21c5422b646110f2162f1fcc95980ef7f63e73c68f14/tomli-2.4.1-cp312-cp312-macosx_11_0_arm64.whl", hash = "sha256:7f86fd587c4ed9dd76f318225e7d9b29cfc5a9d43de44e5754db8d1128487085", size = 150018, upload-time = "2026-03-25T20:21:23.002Z" },
    { url = "https://files.pythonhosted.org/packages/5c/05/79d13d7c15f13bdef410bdd49a6485b1c37d28968314eabee452c22a7fda/tomli-2.4.1-cp312-cp312-manylinux2014_aarch64.manylinux_2_17_aarch64.manylinux_2_28_aarch64.whl", hash = "sha256:ff18e6a727ee0ab0388507b89d1bc6a22b138d1e2fa56d1ad494586d61d2eae9", size = 244948, upload-time = "2026-03-25T20:21:24.04Z" },
    { url = "https://files.pythonhosted.org/packages/10/90/d62ce007a1c80d0b2c93e02cab211224756240884751b94ca72df8a875ca/tomli-2.4.1-cp312-cp312-manylinux2014_x86_64.manylinux_2_17_x86_64.manylinux_2_28_x86_64.whl", hash = "sha256:136443dbd7e1dee43c68ac2694fde36b2849865fa258d39bf822c10e8068eac5", size = 253341, upload-time = "2026-03-25T20:21:25.177Z" },
    { url = "https://files.pythonhosted.org/packages/1a/7e/caf6496d60152ad4ed09282c1885cca4eea150bfd007da84aea07bcc0a3e/tomli-2.4.1-cp312-cp312-musllinux_1_2_aarch64.whl", hash = "sha256:5e262d41726bc187e69af7825504c933b6794dc3fbd5945e41a79bb14c31f585", size = 248159, upload-time = "2026-03-25T20:21:26.364Z" },
    { url = "https://files.pythonhosted.org/packages/99/e7/c6f69c3120de34bbd882c6fba7975f3d7a746e9218e56ab46a1bc4b42552/tomli-2.4.1-cp312-cp312-musllinux_1_2_x86_64.whl", hash = "sha256:5cb41aa38891e073ee49d55fbc7839cfdb2bc0e600add13874d048c94aadddd1", size = 253290, upload-time = "2026-03-25T20:21:27.46Z" },
    { url = "https://files.pythonhosted.org/packages/d6/2f/4a3c322f22c5c66c4b836ec58211641a4067364f5dcdd7b974b4c5da300c/tomli-2.4.1-cp312-cp312-win32.whl", hash = "sha256:da25dc3563bff5965356133435b757a795a17b17d01dbc0f42fb32447ddfd917", size = 98141, upload-time = "2026-03-25T20:21:28.492Z" },
    { url = "https://files.pythonhosted.org/packages/24/22/4daacd05391b92c55759d55eaee21e1dfaea86ce5c571f10083360adf534/tomli-2.4.1-cp312-cp312-win_amd64.whl", hash = "sha256:52c8ef851d9a240f11a88c003eacb03c31fc1c9c4ec64a99a0f922b93874fda9", size = 108847, upload-time = "2026-03-25T20:21:29.386Z" },
    { url = "https://files.pythonhosted.org/packages/68/fd/70e768887666ddd9e9f5d85129e84910f2db2796f9096aa02b721a53098d/tomli-2.4.1-cp312-cp312-win_arm64.whl", hash = "sha256:f758f1b9299d059cc3f6546ae2af89670cb1c4d48ea29c3cacc4fe7de3058257", size = 95088, upload-time = "2026-03-25T20:21:30.677Z" },
    { url = "https://files.pythonhosted.org/packages/07/06/b823a7e818c756d9a7123ba2cda7d07bc2dd32835648d1a7b7b7a05d848d/tomli-2.4.1-cp313-cp313-macosx_10_13_x86_64.whl", hash = "sha256:36d2bd2ad5fb9eaddba5226aa02c8ec3fa4f192631e347b3ed28186d43be6b54", size = 155866, upload-time = "2026-03-25T20:21:31.65Z" },
    { url = "https://files.pythonhosted.org/packages/14/6f/12645cf7f08e1a20c7eb8c297c6f11d31c1b50f316a7e7e1e1de6e2e7b7e/tomli-2.4.1-cp313-cp313-macosx_11_0_arm64.whl", hash = "sha256:eb0dc4e38e6a1fd579e5d50369aa2e10acfc9cace504579b2faabb478e76941a", size = 149887, upload-time = "2026-03-25T20:21:33.028Z" },
    { url = "https://files.pythonhosted.org/packages/5c/e0/90637574e5e7212c09099c67ad349b04ec4d6020324539297b634a0192b0/tomli-2.4.1-cp313-cp313-manylinux2014_aarch64.manylinux_2_17_aarch64.manylinux_2_28_aarch64.whl", hash = "sha256:c7f2c7f2b9ca6bdeef8f0fa897f8e05085923eb091721675170254cbc5b02897", size = 243704, upload-time = "2026-03-25T20:21:34.51Z" },
    { url = "https://files.pythonhosted.org/packages/10/8f/d3ddb16c5a4befdf31a23307f72828686ab2096f068eaf56631e136c1fdd/tomli-2.4.1-cp313-cp313-manylinux2014_x86_64.manylinux_2_17_x86_64.manylinux_2_28_x86_64.whl", hash = "sha256:f3c6818a1a86dd6dca7ddcaaf76947d5ba31aecc28cb1b67009a5877c9a64f3f", size = 251628, upload-time = "2026-03-25T20:21:36.012Z" },
    { url = "https://files.pythonhosted.org/packages/e3/f1/dbeeb9116715abee2485bf0a12d07a8f31af94d71608c171c45f64c0469d/tomli-2.4.1-cp313-cp313-musllinux_1_2_aarch64.whl", hash = "sha256:d312ef37c91508b0ab2cee7da26ec0b3ed2f03ce12bd87a588d771ae15dcf82d", size = 247180, upload-time = "2026-03-25T20:21:37.136Z" },
    { url = "https://files.pythonhosted.org/packages/d3/74/16336ffd19ed4da28a70959f92f506233bd7cfc2332b20bdb01591e8b1d1/tomli-2.4.1-cp313-cp313-musllinux_1_2_x86_64.whl", hash = "sha256:51529d40e3ca50046d7606fa99ce3956a617f9b36380da3b7f0dd3dd28e68cb5", size = 251674, upload-time = "2026-03-25T20:21:38.298Z" },
    { url = "https://files.pythonhosted.org/packages/16/f9/229fa3434c590ddf6c0aa9af64d3af4b752540686cace29e6281e3458469/tomli-2.4.1-cp313-cp313-win32.whl", hash = "sha256:2190f2e9dd7508d2a90ded5ed369255980a1bcdd58e52f7fe24b8162bf9fedbd", size = 97976, upload-time = "2026-03-25T20:21:39.316Z" },
    { url = "https://files.pythonhosted.org/packages/6a/1e/71dfd96bcc1c775420cb8befe7a9d35f2e5b1309798f009dca17b7708c1e/tomli-2.4.1-cp313-cp313-win_amd64.whl", hash = "sha256:8d65a2fbf9d2f8352685bc1364177ee3923d6baf5e7f43ea4959d7d8bc326a36", size = 108755, upload-time = "2026-03-25T20:21:40.248Z" },
    { url = "https://files.pythonhosted.org/packages/83/7a/d34f422a021d62420b78f5c538e5b102f62bea616d1d75a13f0a88acb04a/tomli-2.4.1-cp313-cp313-win_arm64.whl", hash = "sha256:4b605484e43cdc43f0954ddae319fb75f04cc10dd80d830540060ee7cd0243cd", size = 95265, upload-time = "2026-03-25T20:21:41.219Z" },
    { url = "https://files.pythonhosted.org/packages/7b/61/cceae43728b7de99d9b847560c262873a1f6c98202171fd5ed62640b494b/tomli-2.4.1-py3-none-any.whl", hash = "sha256:0d85819802132122da43cb86656f8d1f8c6587d54ae7dcaf30e90533028b49fe", size = 14583, upload-time = "2026-03-25T20:22:03.012Z" },
]

[[package]]
name = "tomli-w"
version = "1.2.0"
source = { registry = "https://pypi.org/simple" }
sdist = { url = "https://files.pythonhosted.org/packages/19/75/241269d1da26b624c0d5e110e8149093c759b7a286138f4efd61a60e75fe/tomli_w-1.2.0.tar.gz", hash = "sha256:2dd14fac5a47c27be9cd4c976af5a12d87fb1f0b4512f81d69cce3b35ae25021", size = 7184, upload-time = "2025-01-15T12:07:24.262Z" }
wheels = [
    { url = "https://files.pythonhosted.org/packages/c7/18/c86eb8e0202e32dd3df50d43d7ff9854f8e0603945ff398974c1d91ac1ef/tomli_w-1.2.0-py3-none-any.whl", hash = "sha256:188306098d013b691fcadc011abd66727d3c414c571bb01b1a174ba8c983cf90", size = 6675, upload-time = "2025-01-15T12:07:22.074Z" },
]

[[package]]
name = "ty"
version = "0.0.78"
source = { registry = "https://pypi.org/simple" }
sdist = { url = "https://files.pythonhosted.org/packages/d8/c7/2ba0861384c5b5097ac354383abb98188112cb330208c21d5197e98a29e5/ty-0.0.78.tar.gz", hash = "sha256:770b45854f85fa11595208f08c0f28df80943164d10a2832d86be6ac29f135b2", size = 7050609, upload-time = "2026-09-02T22:41:33.92Z" }
wheels = [
    { url = "https://files.pythonhosted.org/packages/ea/ed/f34cfc06a9ba72979df219e48dae1a0b6a6c74a340763ccd30a547edf913/ty-0.0.78-py3-none-linux_armv6l.whl", hash = "sha256:122700b98f9d45785c1ce91a9418154562e7f64f4bf34679f6f7b38c5b97453f", size = 13304624, upload-time = "2026-09-02T22:40:56.649Z" },
    { url = "https://files.pythonhosted.org/packages/1c/28/5576e2a08b57676d9b2a736d528f077a6c6e32c3d1de2d75dbbe28346966/ty-0.0.78-py3-none-macosx_10_12_x86_64.whl", hash = "sha256:cbe7e3709ccf29ef3d9f58f5914cc30ec36fb647008a5a4ff8483abe401bfe8d", size = 12928383, upload-time = "2026-09-02T22:40:59.162Z" },
    { url = "https://files.pythonhosted.org/packages/8e/e0/027d49c3da5235e634da3d3fc52c4874ec89f50830388c9c259f8fb71e0e/ty-0.0.78-py3-none-macosx_11_0_arm64.whl", hash = "sha256:c3528897b3ab9d3589561bc2b5e61a4d5d686de527a4400bb09a439b922a6c70", size = 12730058, upload-time = "2026-09-02T22:41:01.235Z" },
    { url = "https://files.pythonhosted.org/packages/bb/bc/6bf8ffefd8063730a70ae889cf85def72bc155fd1453135ebf8a09c2f1c2/ty-0.0.78-py3-none-manylinux_2_17_aarch64.manylinux2014_aarch64.whl", hash = "sha256:8bfba4c44a06484093f527b8ef43a317abcf91395b49396170266629eedf74aa", size = 12813321, upload-time = "2026-09-02T22:41:03.251Z" },
    { url = "https://files.pythonhosted.org/packages/6d/c0/b3cdf26f82108908d92fdb7ddb741019c446ceb666cf204d4dbf611bde33/ty-0.0.78-py3-none-manylinux_2_17_armv7l.manylinux2014_armv7l.whl", hash = "sha256:5f903c06fdee17baf8373173039ab28f1bce28e66b1c734929a5f50b37eb54d9", size = 13072219, upload-time = "2026-09-02T22:41:05.225Z" },
    { url = "https://files.pythonhosted.org/packages/4d/36/16bfb0abdd178dae11dbc4b57b9a86c2b62642a18c1103fd2c2930aa5879/ty-0.0.78-py3-none-manylinux_2_17_i686.manylinux2014_i686.whl", hash = "sha256:dd83e5fe3f07291d1bd4e591f8d2607c204f3eab53bcb1b8060c40e876e1aa61", size = 13903958, upload-time = "2026-09-02T22:41:07.333Z" },
    { url = "https://files.pythonhosted.org/packages/0f/0c/74d3b1f0344b13156c719dd68a7edf7e48c2051718c9f326ba3cbf45ea53/ty-0.0.78-py3-none-manylinux_2_17_ppc64le.manylinux2014_ppc64le.whl", hash = "sha256:325285377319cf7168a2b8b771ae5027f411530e3c7eab1faf4583cdd72fd7c9", size = 14355581, upload-time = "2026-09-02T22:41:09.56Z" },
    { url = "https://files.pythonhosted.org/packages/8d/d7/7ca0359e1e61b15b8b02328c8d120db3c507876b9b7c6bd9f26935353e0e/ty-0.0.78-py3-none-manylinux_2_17_s390x.manylinux2014_s390x.whl", hash = "sha256:54b7846a404da6492697b524a769755ee9bee157d67674063ecd9c5f69dc52ff", size = 14044749, upload-time = "2026-09-02T22:41:11.678Z" },
    { url = "https://files.pythonhosted.org/packages/3b/6a/731f16ff42c5fc96e742c2f4e0a6915356bae114ae02ae4af6f33502175f/ty-0.0.78-py3-none-manylinux_2_17_x86_64.manylinux2014_x86_64.whl", hash = "sha256:169d3b9d134c0b48fe1af8a844142d374655552054a9d6c15a4b6e51bb0382ea", size = 13391647, upload-time = "2026-09-02T22:41:13.928Z" },
    { url = "https://files.pythonhosted.org/packages/0c/af/250cc29daf310e837188509ea4d78460c495d8a74c4fb84b4152d9ef2d4f/ty-0.0.78-py3-none-manylinux_2_31_riscv64.whl", hash = "sha256:6108cb3b2d28dac5981d4e25008a0a5547d8c877a67f6da9e8c38e7e946be44f", size = 13945020, upload-time = "2026-09-02T22:41:15.968Z" },
    { url = "https://files.pythonhosted.org/packages/b8/f9/96aab1dee4535e66554e8dc7657c69f6c61c181d8e70b9c3527908e93ef4/ty-0.0.78-py3-none-musllinux_1_2_aarch64.whl", hash = "sha256:589ad03608d9d2975ef4b23c41c4f847e325bcc7686f51d4c66066b8dbc18a2a", size = 12851149, upload-time = "2026-09-02T22:41:18.06Z" },
    { url = "https://files.pythonhosted.org/packages/85/b0/53d8fe9a847534ef5fe2165c7d5292cb853b29dfd7011cbfb1cdb90a8012/ty-0.0.78-py3-none-musllinux_1_2_armv7l.whl", hash = "sha256:b3fa0786edc1af06030f872d83499c0cea7c261dbbb651e0aee8306bf2c8a869", size = 13091464, upload-time = "2026-09-02T22:41:20.227Z" },
    { url = "https://files.pythonhosted.org/packages/21/65/94a4e5a02de559f6c6c0ee7a14b88660b4eee058ec6fec5c0ff6ecfbf5cc/ty-0.0.78-py3-none-musllinux_1_2_i686.whl", hash = "sha256:92c5639befc577578c8abd4e5a7fccf98d828db98b09e8d4dd81605dc0e54aef", size = 13389389, upload-time = "2026-09-02T22:41:22.27Z" },
    { url = "https://files.pythonhosted.org/packages/2e/b6/d0c7fe6be64ca5a15100c4b1f0e39c19660d53bc544f609fa117b346e661/ty-0.0.78-py3-none-musllinux_1_2_x86_64.whl", hash = "sha256:0dce70bc51652b2775debd1d1e422fb0179f5207c73deb4d5d0aca37e5f61695", size = 13691928, upload-time = "2026-09-02T22:41:24.292Z" },
    { url = "https://files.pythonhosted.org/packages/0a/5d/36081205611ba3fa802efc4ad63e4b1e949bda2f7bb37b34ac9bb6c00db0/ty-0.0.78-py3-none-win32.whl", hash = "sha256:1c80976ca9185d7a9d1baab1fb57240331b8dac58d3b11e46200284086a6de8d", size = 12647346, upload-time = "2026-09-02T22:41:26.699Z" },
    { url = "https://files.pythonhosted.org/packages/f1/89/b925fe1ea1bc56fc7f11d2496e29072fdd2ceb7b389884fc7b2d07cf0c41/ty-0.0.78-py3-none-win_amd64.whl", hash = "sha256:32e82b704471eab34f67b51c151660ca8a00815977b28278905d76fba54f7415", size = 13241810, upload-time = "2026-09-02T22:41:28.857Z" },
    { url = "https://files.pythonhosted.org/packages/91/f1/090ef7b52355bcedfbfbff6ce70fa81ba5bd5f6ed3f8d99ae05e6f2fe75b/ty-0.0.78-py3-none-win_arm64.whl", hash = "sha256:3a14d641a3c04fa9a80f2a46be1531d915f60d4fb79d4b894627bbe46bb35d64", size = 13077433, upload-time = "2026-09-02T22:41:31.525Z" },
]

[[package]]
name = "typer"
version = "0.27.2"
source = { registry = "https://pypi.org/simple" }
dependencies = [
    { name = "annotated-doc" },
    { name = "colorama", marker = "sys_platform == 'win32'" },
    { name = "rich" },
    { name = "shellingham" },
]
sdist = { url = "https://files.pythonhosted.org/packages/16/f7/57713ba479fd405eb76de31404b2c744c289e336b2d999511ebf51e496f7/typer-0.27.2.tar.gz", hash = "sha256:269b7eb9d3c202ca84b4bc9618cb04ebb43d3d4d1e567e4c768607232c05f945", size = 204045, upload-time = "2026-08-28T10:26:55.046Z" }
wheels = [
    { url = "https://files.pythonhosted.org/packages/dc/bf/205d0004930ede8f542fb58f601526fccf4ae7626075ca1e6c4de5d3d652/typer-0.27.2-py3-none-any.whl", hash = "sha256:b3a5fc4342d5fc8fda8fc3010b1cf117e9249aab7fae800c2eff62fd3842d97d", size = 123130, upload-time = "2026-08-28T10:26:53.752Z" },
]

[[package]]
name = "typing-extensions"
version = "4.16.0"
source = { registry = "https://pypi.org/simple" }
sdist = { url = "https://files.pythonhosted.org/packages/f6/cc/6253133b5bb138fc3306cebfbda2c520f545d36b5be2c7255cc528bb45d6/typing_extensions-4.16.0.tar.gz", hash = "sha256:dc983d19a509c94dba722ee6abd33940f7c05a89e243c47e907eb4db6f1a43e5", size = 113555, upload-time = "2026-07-02T08:40:05.92Z" }
wheels = [
    { url = "https://files.pythonhosted.org/packages/49/d3/b8441a820a491ddfc024b0b0cf0393375b75ea13866d9c66727e54c2fc80/typing_extensions-4.16.0-py3-none-any.whl", hash = "sha256:481caa481374e813c1b176ada14e97f1f67a4539ce9cfeb3f350d78d6370c2e8", size = 45571, upload-time = "2026-07-02T08:40:04.659Z" },
]

[[package]]
name = "uv-build"
version = "0.12.10"
source = { registry = "https://pypi.org/simple" }
sdist = { url = "https://files.pythonhosted.org/packages/99/d4/ea7eb7b7bda7b417ef7a5f42b347f68bdb191c6448466109e9b484c5c704/uv_build-0.12.10.tar.gz", hash = "sha256:c83c0f1dd2c921091d1974f56d64221c010e173d9e6d52ec2a2582650c2d5197", size = 423598, upload-time = "2026-09-04T23:13:50.822Z" }
wheels = [
    { url = "https://files.pythonhosted.org/packages/7a/e2/50c1d797ffa7c63f1c6b8814a0c3c75bc634c99ae09eb585fd7a05b3c90d/uv_build-0.12.10-py3-none-linux_armv6l.whl", hash = "sha256:cf098f5b0412e9cd06259664c44d31bd9d2b2c884e6cddc6c9d5d282a7efb49b", size = 1513960, upload-time = "2026-09-04T23:13:27.186Z" },
    { url = "https://files.pythonhosted.org/packages/2f/57/c1c0e351e38fe686aa474e6e820479626cfa5e07c7acf7f29ce17e376f02/uv_build-0.12.10-py3-none-macosx_10_12_x86_64.whl", hash = "sha256:ff58bd55b5ed5dfdcff52a5f82f7511cc5b1ded19a6c830b457f2e45fae7b969", size = 1451374, upload-time = "2026-09-04T23:13:28.649Z" },
    { url = "https://files.pythonhosted.org/packages/ea/68/bb2ede31e598dfdf6985e2ef9edd53f43180d22feefdcd473b79923a2f67/uv_build-0.12.10-py3-none-macosx_11_0_arm64.whl", hash = "sha256:e93cc31e29a059fa7d30b0d16e2d54c5c7d44abf7bfd2461d01b982542de1033", size = 1392094, upload-time = "2026-09-04T23:13:29.738Z" },
    { url = "https://files.pythonhosted.org/packages/83/dc/33c25fc7f89f75cbf5ec90578f116fd15dff10bc47a68ec9d66d5b640f25/uv_build-0.12.10-py3-none-manylinux_2_17_aarch64.manylinux2014_aarch64.musllinux_1_1_aarch64.whl", hash = "sha256:04daf2a6ad35ba23faf708fe6ece19c8243376855169698c108faad447336b38", size = 1597323, upload-time = "2026-09-04T23:13:30.925Z" },
    { url = "https://files.pythonhosted.org/packages/6c/82/3cb590658eb18ff7f805f3c79e9ad5c26841a6e548dd25251cee14e163b2/uv_build-0.12.10-py3-none-manylinux_2_17_armv7l.manylinux2014_armv7l.whl", hash = "sha256:94a9a140380d1c9605b1c411c5d11b5c6f4d3f77ebdf60fb5d64a2e2c380c4f4", size = 1479706, upload-time = "2026-09-04T23:13:32.324Z" },
    { url = "https://files.pythonhosted.org/packages/71/d6/1e87184a7e4f5484c71f79f514448fb9250227fe69fe88d1dd0df1097c48/uv_build-0.12.10-py3-none-manylinux_2_17_i686.manylinux2014_i686.whl", hash = "sha256:10c18d4d2589d6899db1de7cf624bc68299bb500750f964bf8dfbb46b0d42cd6", size = 1637610, upload-time = "2026-09-04T23:13:33.538Z" },
    { url = "https://files.pythonhosted.org/packages/8a/61/229c78fea7d2cae93580f0cb1bcd225a288930057c920b6063fbac813589/uv_build-0.12.10-py3-none-manylinux_2_17_ppc64le.manylinux2014_ppc64le.whl", hash = "sha256:79344f25fd1978e53835d9cb887e80126d2eada9ff4b8182779043eaef7f0546", size = 1671231, upload-time = "2026-09-04T23:13:35.121Z" },
    { url = "https://files.pythonhosted.org/packages/9a/ff/564cb24e8dbcdc882fa9ccdb6c2d47a1ae69d80d949b8eb6cba585e20c84/uv_build-0.12.10-py3-none-manylinux_2_17_s390x.manylinux2014_s390x.whl", hash = "sha256:b2adf2ba5a98a4034fb6d10334c4589d622243028ca321aea2ba67585d7f5e5c", size = 1574297, upload-time = "2026-09-04T23:13:36.341Z" },
    { url = "https://files.pythonhosted.org/packages/9e/60/8ebc71a41d519118d7c46a690cc59ceeff99093501eb02275f04e975a47e/uv_build-0.12.10-py3-none-manylinux_2_17_x86_64.manylinux2014_x86_64.whl", hash = "sha256:aaf1af03b94e56dd40a343280cf80aab4b7fa3135fd7edc3553f75746d6ca86c", size = 1600176, upload-time = "2026-09-04T23:13:37.563Z" },
    { url = "https://files.pythonhosted.org/packages/60/44/f1ea1433a87015412e6f9e7ee0d345ae36663d22e2b9bb8cbc3819e352c0/uv_build-0.12.10-py3-none-manylinux_2_28_aarch64.whl", hash = "sha256:dbf35fd190d1236289c5c4c29a9c5ec1507751a07b5c20fc26211ceb39c8ccd0", size = 1597768, upload-time = "2026-09-04T23:13:38.697Z" },
    { url = "https://files.pythonhosted.org/packages/8f/ba/c73652c4ad23732aeed488d7b329ee67ee2989b1610eac4c0e6e4572e193/uv_build-0.12.10-py3-none-manylinux_2_31_riscv64.whl", hash = "sha256:858800f41a68aedf949c2f44b619e265bf6467c21e3b011f16c195a025a3f2b3", size = 1565645, upload-time = "2026-09-04T23:13:39.811Z" },
    { url = "https://files.pythonhosted.org/packages/84/cc/c18d9153a4f792672ec7f82c4fe5ea8e760544be3368e7a90c7a6cc693ba/uv_build-0.12.10-py3-none-musllinux_1_1_armv7l.whl", hash = "sha256:d3c1c01893b5b059b929e86bc352b1d31afe87745801a9c264ce0235884b7f6e", size = 1491809, upload-time = "2026-09-04T23:13:41.394Z" },
    { url = "https://files.pythonhosted.org/packages/8c/e1/eef1e44910bab37ecf2d05daa2f3fa280ce599f390d331393198530712e9/uv_build-0.12.10-py3-none-musllinux_1_1_i686.whl", hash = "sha256:aa4d8fe50a48c54b99f627ad254daec2b23db3a153ac9952dbd8e5dd0c16fec1", size = 1585182, upload-time = "2026-09-04T23:13:42.648Z" },
    { url = "https://files.pythonhosted.org/packages/7a/6a/d658c191fcbd99cee7f3573b4f133e12552a1fbdba0741fd7543778c71d3/uv_build-0.12.10-py3-none-musllinux_1_1_riscv64.whl", hash = "sha256:ffbb66b45c5b90295d503fd51c6c7496eb331e4db992f6d1b0dedd1f6615b264", size = 1583153, upload-time = "2026-09-04T23:13:43.843Z" },
    { url = "https://files.pythonhosted.org/packages/ef/65/6eb600b37ffc9eb7c2fb713c98d96a2429e0d73e4e1ecbb3f37e40359f2a/uv_build-0.12.10-py3-none-musllinux_1_1_x86_64.whl", hash = "sha256:80b5242eacb3d127fca1c9e9182940a4f1ab68febc00c10926286fbccd115c90", size = 1661373, upload-time = "2026-09-04T23:13:45.325Z" },
    { url = "https://files.pythonhosted.org/packages/f3/7d/f2f46de6f4582cf059e2cb253ce3792b44ec95adc81cbd6a9f35625a1a08/uv_build-0.12.10-py3-none-win32.whl", hash = "sha256:f46a93910c84d6ebaf1130f2e03a8603a2ccae0625153dba48c74e5401843b7c", size = 1407271, upload-time = "2026-09-04T23:13:46.551Z" },
    { url = "https://files.pythonhosted.org/packages/f6/e8/4d487c98e28288d20702dad3b02db07cc7f0c779081f7b1bdfb98ab615f9/uv_build-0.12.10-py3-none-win_amd64.whl", hash = "sha256:bf3a726f04c5efd5ba3c7699f4113fcd98a96226e0ecf35635140aefbd1b7195", size = 1474044, upload-time = "2026-09-04T23:13:48.126Z" },
    { url = "https://files.pythonhosted.org/packages/62/8f/cf5c9f7f42cacc767935e4da262c3da9cb187c8db9e1e87f38932de9bace/uv_build-0.12.10-py3-none-win_arm64.whl", hash = "sha256:8eec5a0e4398b59a057342f990ac9871c34dddfb710db1b84875754bdffa5d40", size = 1393019, upload-time = "2026-09-04T23:13:49.764Z" },
]
